// !$*UTF8*$!
{
	archiveVersion = 1;
	classes = {
	};
	objectVersion = 46;
	objects = {

/* Begin PBXBuildFile section */
		C373FB211D92BB8C00A27FE5 /* KUITagListView.h in Headers */ = {isa = PBXBuildFile; fileRef = C373FB1F1D92BB8C00A27FE5 /* KUITagListView.h */; settings = {ATTRIBUTES = (Public, ); }; };
		C373FB5C1D92BC3600A27FE5 /* KUITagListView.swift in Sources */ = {isa = PBXBuildFile; fileRef = C373FB5B1D92BC3600A27FE5 /* KUITagListView.swift */; };
		C373FB5E1D92C87800A27FE5 /* KUITagView.swift in Sources */ = {isa = PBXBuildFile; fileRef = C373FB5D1D92C87800A27FE5 /* KUITagView.swift */; };
/* End PBXBuildFile section */

/* Begin PBXFileReference section */
		C373FB1C1D92BB8C00A27FE5 /* KUITagListView.framework */ = {isa = PBXFileReference; explicitFileType = wrapper.framework; includeInIndex = 0; path = KUITagListView.framework; sourceTree = BUILT_PRODUCTS_DIR; };
		C373FB1F1D92BB8C00A27FE5 /* KUITagListView.h */ = {isa = PBXFileReference; lastKnownFileType = sourcecode.c.h; path = KUITagListView.h; sourceTree = "<group>"; };
		C373FB201D92BB8C00A27FE5 /* Info.plist */ = {isa = PBXFileReference; lastKnownFileType = text.plist.xml; path = Info.plist; sourceTree = "<group>"; };
		C373FB5B1D92BC3600A27FE5 /* KUITagListView.swift */ = {isa = PBXFileReference; fileEncoding = 4; lastKnownFileType = sourcecode.swift; path = KUITagListView.swift; sourceTree = "<group>"; };
		C373FB5D1D92C87800A27FE5 /* KUITagView.swift */ = {isa = PBXFileReference; fileEncoding = 4; lastKnownFileType = sourcecode.swift; path = KUITagView.swift; sourceTree = "<group>"; };
/* End PBXFileReference section */

/* Begin PBXFrameworksBuildPhase section */
		C373FB181D92BB8C00A27FE5 /* Frameworks */ = {
			isa = PBXFrameworksBuildPhase;
			buildActionMask = 2147483647;
			files = (
			);
			runOnlyForDeploymentPostprocessing = 0;
		};
/* End PBXFrameworksBuildPhase section */

/* Begin PBXGroup section */
		C373FB121D92BB8C00A27FE5 = {
			isa = PBXGroup;
			children = (
				C373FB1E1D92BB8C00A27FE5 /* KUITagListView */,
				C373FB1D1D92BB8C00A27FE5 /* Products */,
			);
			sourceTree = "<group>";
		};
		C373FB1D1D92BB8C00A27FE5 /* Products */ = {
			isa = PBXGroup;
			children = (
				C373FB1C1D92BB8C00A27FE5 /* KUITagListView.framework */,
			);
			name = Products;
			sourceTree = "<group>";
		};
		C373FB1E1D92BB8C00A27FE5 /* KUITagListView */ = {
			isa = PBXGroup;
			children = (
				C373FB271D92BBB700A27FE5 /* Assets */,
				C373FB281D92BBB700A27FE5 /* Classes */,
				C373FB1F1D92BB8C00A27FE5 /* KUITagListView.h */,
				C373FB201D92BB8C00A27FE5 /* Info.plist */,
			);
			path = KUITagListView;
			sourceTree = "<group>";
		};
		C373FB271D92BBB700A27FE5 /* Assets */ = {
			isa = PBXGroup;
			children = (
			);
			path = Assets;
			sourceTree = "<group>";
		};
		C373FB281D92BBB700A27FE5 /* Classes */ = {
			isa = PBXGroup;
			children = (
				C373FB5D1D92C87800A27FE5 /* KUITagView.swift */,
				C373FB5B1D92BC3600A27FE5 /* KUITagListView.swift */,
			);
			path = Classes;
			sourceTree = "<group>";
		};
/* End PBXGroup section */

/* Begin PBXHeadersBuildPhase section */
		C373FB191D92BB8C00A27FE5 /* Headers */ = {
			isa = PBXHeadersBuildPhase;
			buildActionMask = 2147483647;
			files = (
				C373FB211D92BB8C00A27FE5 /* KUITagListView.h in Headers */,
			);
			runOnlyForDeploymentPostprocessing = 0;
		};
/* End PBXHeadersBuildPhase section */

/* Begin PBXNativeTarget section */
		C373FB1B1D92BB8C00A27FE5 /* KUITagListView */ = {
			isa = PBXNativeTarget;
			buildConfigurationList = C373FB241D92BB8C00A27FE5 /* Build configuration list for PBXNativeTarget "KUITagListView" */;
			buildPhases = (
				C373FB171D92BB8C00A27FE5 /* Sources */,
				C373FB181D92BB8C00A27FE5 /* Frameworks */,
				C373FB191D92BB8C00A27FE5 /* Headers */,
				C373FB1A1D92BB8C00A27FE5 /* Resources */,
			);
			buildRules = (
			);
			dependencies = (
			);
			name = KUITagListView;
			productName = KUITagListView;
			productReference = C373FB1C1D92BB8C00A27FE5 /* KUITagListView.framework */;
			productType = "com.apple.product-type.framework";
		};
/* End PBXNativeTarget section */

/* Begin PBXProject section */
		C373FB131D92BB8C00A27FE5 /* Project object */ = {
			isa = PBXProject;
			attributes = {
				LastUpgradeCheck = 0800;
				ORGANIZATIONNAME = Kofktu;
				TargetAttributes = {
					C373FB1B1D92BB8C00A27FE5 = {
						CreatedOnToolsVersion = 8.0;
						LastSwiftMigration = 0800;
						ProvisioningStyle = Automatic;
					};
				};
			};
			buildConfigurationList = C373FB161D92BB8C00A27FE5 /* Build configuration list for PBXProject "KUITagListView" */;
			compatibilityVersion = "Xcode 3.2";
			developmentRegion = English;
			hasScannedForEncodings = 0;
			knownRegions = (
				en,
			);
			mainGroup = C373FB121D92BB8C00A27FE5;
			productRefGroup = C373FB1D1D92BB8C00A27FE5 /* Products */;
			projectDirPath = "";
			projectRoot = "";
			targets = (
				C373FB1B1D92BB8C00A27FE5 /* KUITagListView */,
			);
		};
/* End PBXProject section */

/* Begin PBXResourcesBuildPhase section */
		C373FB1A1D92BB8C00A27FE5 /* Resources */ = {
			isa = PBXResourcesBuildPhase;
			buildActionMask = 2147483647;
			files = (
			);
			runOnlyForDeploymentPostprocessing = 0;
		};
/* End PBXResourcesBuildPhase section */

/* Begin PBXSourcesBuildPhase section */
		C373FB171D92BB8C00A27FE5 /* Sources */ = {
			isa = PBXSourcesBuildPhase;
			buildActionMask = 2147483647;
			files = (
				C373FB5C1D92BC3600A27FE5 /* KUITagListView.swift in Sources */,
				C373FB5E1D92C87800A27FE5 /* KUITagView.swift in Sources */,
			);
			runOnlyForDeploymentPostprocessing = 0;
		};
/* End PBXSourcesBuildPhase section */

/* Begin XCBuildConfiguration section */
		C373FB221D92BB8C00A27FE5 /* Debug */ = {
			isa = XCBuildConfiguration;
			buildSettings = {
				ALWAYS_SEARCH_USER_PATHS = NO;
				CLANG_ANALYZER_NONNULL = YES;
				CLANG_CXX_LANGUAGE_STANDARD = "gnu++0x";
				CLANG_CXX_LIBRARY = "libc++";
				CLANG_ENABLE_MODULES = YES;
				CLANG_ENABLE_OBJC_ARC = YES;
				CLANG_WARN_BOOL_CONVERSION = YES;
				CLANG_WARN_CONSTANT_CONVERSION = YES;
				CLANG_WARN_DIRECT_OBJC_ISA_USAGE = YES_ERROR;
				CLANG_WARN_DOCUMENTATION_COMMENTS = YES;
				CLANG_WARN_EMPTY_BODY = YES;
				CLANG_WARN_ENUM_CONVERSION = YES;
				CLANG_WARN_INFINITE_RECURSION = YES;
				CLANG_WARN_INT_CONVERSION = YES;
				CLANG_WARN_OBJC_ROOT_CLASS = YES_ERROR;
				CLANG_WARN_SUSPICIOUS_MOVES = YES;
				CLANG_WARN_UNREACHABLE_CODE = YES;
				CLANG_WARN__DUPLICATE_METHOD_MATCH = YES;
				"CODE_SIGN_IDENTITY[sdk=iphoneos*]" = "iPhone Developer";
				COPY_PHASE_STRIP = NO;
				CURRENT_PROJECT_VERSION = 1;
				DEBUG_INFORMATION_FORMAT = dwarf;
				ENABLE_STRICT_OBJC_MSGSEND = YES;
				ENABLE_TESTABILITY = YES;
				GCC_C_LANGUAGE_STANDARD = gnu99;
				GCC_DYNAMIC_NO_PIC = NO;
				GCC_NO_COMMON_BLOCKS = YES;
				GCC_OPTIMIZATION_LEVEL = 0;
				GCC_PREPROCESSOR_DEFINITIONS = (
					"DEBUG=1",
					"$(inherited)",
				);
				GCC_WARN_64_TO_32_BIT_CONVERSION = YES;
				GCC_WARN_ABOUT_RETURN_TYPE = YES_ERROR;
				GCC_WARN_UNDECLARED_SELECTOR = YES;
				GCC_WARN_UNINITIALIZED_AUTOS = YES_AGGRESSIVE;
				GCC_WARN_UNUSED_FUNCTION = YES;
				GCC_WARN_UNUSED_VARIABLE = YES;
				IPHONEOS_DEPLOYMENT_TARGET = 10.0;
				MTL_ENABLE_DEBUG_INFO = YES;
				ONLY_ACTIVE_ARCH = YES;
				SDKROOT = iphoneos;
				SWIFT_ACTIVE_COMPILATION_CONDITIONS = DEBUG;
				SWIFT_OPTIMIZATION_LEVEL = "-Onone";
				TARGETED_DEVICE_FAMILY = "1,2";
				VERSIONING_SYSTEM = "apple-generic";
				VERSION_INFO_PREFIX = "";
			};
			name = Debug;
		};
		C373FB231D92BB8C00A27FE5 /* Release */ = {
			isa = XCBuildConfiguration;
			buildSettings = {
				ALWAYS_SEARCH_USER_PATHS = NO;
				CLANG_ANALYZER_NONNULL = YES;
				CLANG_CXX_LANGUAGE_STANDARD = "gnu++0x";
				CLANG_CXX_LIBRARY = "libc++";
				CLANG_ENABLE_MODULES = YES;
				CLANG_ENABLE_OBJC_ARC = YES;
				CLANG_WARN_BOOL_CONVERSION = YES;
				CLANG_WARN_CONSTANT_CONVERSION = YES;
				CLANG_WARN_DIRECT_OBJC_ISA_USAGE = YES_ERROR;
				CLANG_WARN_DOCUMENTATION_COMMENTS = YES;
				CLANG_WARN_EMPTY_BODY = YES;
				CLANG_WARN_ENUM_CONVERSION = YES;
				CLANG_WARN_INFINITE_RECURSION = YES;
				CLANG_WARN_INT_CONVERSION = YES;
				CLANG_WARN_OBJC_ROOT_CLASS = YES_ERROR;
				CLANG_WARN_SUSPICIOUS_MOVES = YES;
				CLANG_WARN_UNREACHABLE_CODE = YES;
				CLANG_WARN__DUPLICATE_METHOD_MATCH = YES;
				"CODE_SIGN_IDENTITY[sdk=iphoneos*]" = "iPhone Developer";
				COPY_PHASE_STRIP = NO;
				CURRENT_PROJECT_VERSION = 1;
				DEBUG_INFORMATION_FORMAT = "dwarf-with-dsym";
				ENABLE_NS_ASSERTIONS = NO;
				ENABLE_STRICT_OBJC_MSGSEND = YES;
				GCC_C_LANGUAGE_STANDARD = gnu99;
				GCC_NO_COMMON_BLOCKS = YES;
				GCC_WARN_64_TO_32_BIT_CONVERSION = YES;
				GCC_WARN_ABOUT_RETURN_TYPE = YES_ERROR;
				GCC_WARN_UNDECLARED_SELECTOR = YES;
				GCC_WARN_UNINITIALIZED_AUTOS = YES_AGGRESSIVE;
				GCC_WARN_UNUSED_FUNCTION = YES;
				GCC_WARN_UNUSED_VARIABLE = YES;
				IPHONEOS_DEPLOYMENT_TARGET = 10.0;
				MTL_ENABLE_DEBUG_INFO = NO;
				SDKROOT = iphoneos;
				SWIFT_OPTIMIZATION_LEVEL = "-Owholemodule";
				TARGETED_DEVICE_FAMILY = "1,2";
				VALIDATE_PRODUCT = YES;
				VERSIONING_SYSTEM = "apple-generic";
				VERSION_INFO_PREFIX = "";
			};
			name = Release;
		};
		C373FB251D92BB8C00A27FE5 /* Debug */ = {
			isa = XCBuildConfiguration;
			buildSettings = {
				CLANG_ENABLE_MODULES = YES;
				CODE_SIGN_IDENTITY = "";
				DEFINES_MODULE = YES;
				DYLIB_COMPATIBILITY_VERSION = 1;
				DYLIB_CURRENT_VERSION = 1;
				DYLIB_INSTALL_NAME_BASE = "@rpath";
				INFOPLIST_FILE = KUITagListView/Info.plist;
				INSTALL_PATH = "$(LOCAL_LIBRARY_DIR)/Frameworks";
				IPHONEOS_DEPLOYMENT_TARGET = 8.0;
				LD_RUNPATH_SEARCH_PATHS = "$(inherited) @executable_path/Frameworks @loader_path/Frameworks";
				PRODUCT_BUNDLE_IDENTIFIER = kr.homefactory.KUITagListView;
				PRODUCT_NAME = "$(TARGET_NAME)";
				SKIP_INSTALL = YES;
				SWIFT_OPTIMIZATION_LEVEL = "-Onone";
				SWIFT_VERSION = 2.3;
			};
			name = Debug;
		};
		C373FB261D92BB8C00A27FE5 /* Release */ = {
			isa = XCBuildConfiguration;
			buildSettings = {
				CLANG_ENABLE_MODULES = YES;
				CODE_SIGN_IDENTITY = "";
				DEFINES_MODULE = YES;
				DYLIB_COMPATIBILITY_VERSION = 1;
				DYLIB_CURRENT_VERSION = 1;
				DYLIB_INSTALL_NAME_BASE = "@rpath";
				INFOPLIST_FILE = KUITagListView/Info.plist;
				INSTALL_PATH = "$(LOCAL_LIBRARY_DIR)/Frameworks";
				IPHONEOS_DEPLOYMENT_TARGET = 8.0;
				LD_RUNPATH_SEARCH_PATHS = "$(inherited) @executable_path/Frameworks @loader_path/Frameworks";
				PRODUCT_BUNDLE_IDENTIFIER = kr.homefactory.KUITagListView;
				PRODUCT_NAME = "$(TARGET_NAME)";
				SKIP_INSTALL = YES;
				SWIFT_VERSION = 2.3;
			};
			name = Release;
		};
/* End XCBuildConfiguration section */

/* Begin XCConfigurationList section */
		C373FB161D92BB8C00A27FE5 /* Build configuration list for PBXProject "KUITagListView" */ = {
			isa = XCConfigurationList;
			buildConfigurations = (
				C373FB221D92BB8C00A27FE5 /* Debug */,
				C373FB231D92BB8C00A27FE5 /* Release */,
			);
			defaultConfigurationIsVisible = 0;
			defaultConfigurationName = Release;
		};
		C373FB241D92BB8C00A27FE5 /* Build configuration list for PBXNativeTarget "KUITagListView" */ = {
			isa = XCConfigurationList;
			buildConfigurations = (
				C373FB251D92BB8C00A27FE5 /* Debug */,
				C373FB261D92BB8C00A27FE5 /* Release */,
			);
			defaultConfigurationIsVisible = 0;
			defaultConfigurationName = Release;
		};
/* End XCConfigurationList section */
	};
	rootObject = C373FB131D92BB8C00A27FE5 /* Project object */;
}
